
Microsoft Visual Studio Solution File, Format Version 12.00
# Visual Studio 14
VisualStudioVersion = 14.0.25420.1
MinimumVisualStudioVersion = 10.0.40219.1
Project("{FAE04EC0-301F-11D3-BF4B-00C04F79EFBC}") = "Kuromori", "Kuromori\Kuromori\Kuromori.csproj", "{D10CA3B8-43AF-4D04-9D58-70C6919F5B85}"
EndProject
Project("{FAE04EC0-301F-11D3-BF4B-00C04F79EFBC}") = "Kuromori.Droid", "Kuromori\Kuromori.Droid\Kuromori.Droid.csproj", "{3E1E3EA7-47B8-4D31-896A-FCA2F9F3B4FE}"
EndProject
Project("{FAE04EC0-301F-11D3-BF4B-00C04F79EFBC}") = "Kuromori.iOS", "Kuromori\Kuromori.iOS\Kuromori.iOS.csproj", "{810EA5A2-580C-4AE3-B575-31930545C3FA}"
EndProject
Project("{FAE04EC0-301F-11D3-BF4B-00C04F79EFBC}") = "UITest1", "UITest1\UITest1.csproj", "{D259C090-8658-4CBD-94BA-7CAEA9478C72}"
EndProject
Global
	GlobalSection(SolutionConfigurationPlatforms) = preSolution
		Ad-Hoc|Any CPU = Ad-Hoc|Any CPU
		Ad-Hoc|ARM = Ad-Hoc|ARM
		Ad-Hoc|iPhone = Ad-Hoc|iPhone
		Ad-Hoc|iPhoneSimulator = Ad-Hoc|iPhoneSimulator
		Ad-Hoc|x64 = Ad-Hoc|x64
		Ad-Hoc|x86 = Ad-Hoc|x86
		AppStore|Any CPU = AppStore|Any CPU
		AppStore|ARM = AppStore|ARM
		AppStore|iPhone = AppStore|iPhone
		AppStore|iPhoneSimulator = AppStore|iPhoneSimulator
		AppStore|x64 = AppStore|x64
		AppStore|x86 = AppStore|x86
		Debug|Any CPU = Debug|Any CPU
		Debug|ARM = Debug|ARM
		Debug|iPhone = Debug|iPhone
		Debug|iPhoneSimulator = Debug|iPhoneSimulator
		Debug|x64 = Debug|x64
		Debug|x86 = Debug|x86
		Release|Any CPU = Release|Any CPU
		Release|ARM = Release|ARM
		Release|iPhone = Release|iPhone
		Release|iPhoneSimulator = Release|iPhoneSimulator
		Release|x64 = Release|x64
		Release|x86 = Release|x86
	EndGlobalSection
	GlobalSection(ProjectConfigurationPlatforms) = postSolution
		{D10CA3B8-43AF-4D04-9D58-70C6919F5B85}.Ad-Hoc|Any CPU.ActiveCfg = Release|Any CPU
		{D10CA3B8-43AF-4D04-9D58-70C6919F5B85}.Ad-Hoc|Any CPU.Build.0 = Release|Any CPU
		{D10CA3B8-43AF-4D04-9D58-70C6919F5B85}.Ad-Hoc|ARM.ActiveCfg = Release|Any CPU
		{D10CA3B8-43AF-4D04-9D58-70C6919F5B85}.Ad-Hoc|ARM.Build.0 = Release|Any CPU
		{D10CA3B8-43AF-4D04-9D58-70C6919F5B85}.Ad-Hoc|iPhone.ActiveCfg = Release|Any CPU
		{D10CA3B8-43AF-4D04-9D58-70C6919F5B85}.Ad-Hoc|iPhone.Build.0 = Release|Any CPU
		{D10CA3B8-43AF-4D04-9D58-70C6919F5B85}.Ad-Hoc|iPhoneSimulator.ActiveCfg = Release|Any CPU
		{D10CA3B8-43AF-4D04-9D58-70C6919F5B85}.Ad-Hoc|iPhoneSimulator.Build.0 = Release|Any CPU
		{D10CA3B8-43AF-4D04-9D58-70C6919F5B85}.Ad-Hoc|x64.ActiveCfg = Release|Any CPU
		{D10CA3B8-43AF-4D04-9D58-70C6919F5B85}.Ad-Hoc|x64.Build.0 = Release|Any CPU
		{D10CA3B8-43AF-4D04-9D58-70C6919F5B85}.Ad-Hoc|x86.ActiveCfg = Release|Any CPU
		{D10CA3B8-43AF-4D04-9D58-70C6919F5B85}.Ad-Hoc|x86.Build.0 = Release|Any CPU
		{D10CA3B8-43AF-4D04-9D58-70C6919F5B85}.AppStore|Any CPU.ActiveCfg = Release|Any CPU
		{D10CA3B8-43AF-4D04-9D58-70C6919F5B85}.AppStore|Any CPU.Build.0 = Release|Any CPU
		{D10CA3B8-43AF-4D04-9D58-70C6919F5B85}.AppStore|ARM.ActiveCfg = Release|Any CPU
		{D10CA3B8-43AF-4D04-9D58-70C6919F5B85}.AppStore|ARM.Build.0 = Release|Any CPU
		{D10CA3B8-43AF-4D04-9D58-70C6919F5B85}.AppStore|iPhone.ActiveCfg = Release|Any CPU
		{D10CA3B8-43AF-4D04-9D58-70C6919F5B85}.AppStore|iPhone.Build.0 = Release|Any CPU
		{D10CA3B8-43AF-4D04-9D58-70C6919F5B85}.AppStore|iPhoneSimulator.ActiveCfg = Release|Any CPU
		{D10CA3B8-43AF-4D04-9D58-70C6919F5B85}.AppStore|iPhoneSimulator.Build.0 = Release|Any CPU
		{D10CA3B8-43AF-4D04-9D58-70C6919F5B85}.AppStore|x64.ActiveCfg = Release|Any CPU
		{D10CA3B8-43AF-4D04-9D58-70C6919F5B85}.AppStore|x64.Build.0 = Release|Any CPU
		{D10CA3B8-43AF-4D04-9D58-70C6919F5B85}.AppStore|x86.ActiveCfg = Release|Any CPU
		{D10CA3B8-43AF-4D04-9D58-70C6919F5B85}.AppStore|x86.Build.0 = Release|Any CPU
		{D10CA3B8-43AF-4D04-9D58-70C6919F5B85}.Debug|Any CPU.ActiveCfg = Debug|Any CPU
		{D10CA3B8-43AF-4D04-9D58-70C6919F5B85}.Debug|Any CPU.Build.0 = Debug|Any CPU
		{D10CA3B8-43AF-4D04-9D58-70C6919F5B85}.Debug|ARM.ActiveCfg = Debug|Any CPU
		{D10CA3B8-43AF-4D04-9D58-70C6919F5B85}.Debug|ARM.Build.0 = Debug|Any CPU
		{D10CA3B8-43AF-4D04-9D58-70C6919F5B85}.Debug|iPhone.ActiveCfg = Debug|Any CPU
		{D10CA3B8-43AF-4D04-9D58-70C6919F5B85}.Debug|iPhone.Build.0 = Debug|Any CPU
		{D10CA3B8-43AF-4D04-9D58-70C6919F5B85}.Debug|iPhoneSimulator.ActiveCfg = Debug|Any CPU
		{D10CA3B8-43AF-4D04-9D58-70C6919F5B85}.Debug|iPhoneSimulator.Build.0 = Debug|Any CPU
		{D10CA3B8-43AF-4D04-9D58-70C6919F5B85}.Debug|x64.ActiveCfg = Debug|Any CPU
		{D10CA3B8-43AF-4D04-9D58-70C6919F5B85}.Debug|x64.Build.0 = Debug|Any CPU
		{D10CA3B8-43AF-4D04-9D58-70C6919F5B85}.Debug|x86.ActiveCfg = Debug|Any CPU
		{D10CA3B8-43AF-4D04-9D58-70C6919F5B85}.Debug|x86.Build.0 = Debug|Any CPU
		{D10CA3B8-43AF-4D04-9D58-70C6919F5B85}.Release|Any CPU.ActiveCfg = Release|Any CPU
		{D10CA3B8-43AF-4D04-9D58-70C6919F5B85}.Release|Any CPU.Build.0 = Release|Any CPU
		{D10CA3B8-43AF-4D04-9D58-70C6919F5B85}.Release|ARM.ActiveCfg = Release|Any CPU
		{D10CA3B8-43AF-4D04-9D58-70C6919F5B85}.Release|ARM.Build.0 = Release|Any CPU
		{D10CA3B8-43AF-4D04-9D58-70C6919F5B85}.Release|iPhone.ActiveCfg = Release|Any CPU
		{D10CA3B8-43AF-4D04-9D58-70C6919F5B85}.Release|iPhone.Build.0 = Release|Any CPU
		{D10CA3B8-43AF-4D04-9D58-70C6919F5B85}.Release|iPhoneSimulator.ActiveCfg = Release|Any CPU
		{D10CA3B8-43AF-4D04-9D58-70C6919F5B85}.Release|iPhoneSimulator.Build.0 = Release|Any CPU
		{D10CA3B8-43AF-4D04-9D58-70C6919F5B85}.Release|x64.ActiveCfg = Release|Any CPU
		{D10CA3B8-43AF-4D04-9D58-70C6919F5B85}.Release|x64.Build.0 = Release|Any CPU
		{D10CA3B8-43AF-4D04-9D58-70C6919F5B85}.Release|x86.ActiveCfg = Release|Any CPU
		{D10CA3B8-43AF-4D04-9D58-70C6919F5B85}.Release|x86.Build.0 = Release|Any CPU
		{3E1E3EA7-47B8-4D31-896A-FCA2F9F3B4FE}.Ad-Hoc|Any CPU.ActiveCfg = Release|Any CPU
		{3E1E3EA7-47B8-4D31-896A-FCA2F9F3B4FE}.Ad-Hoc|Any CPU.Build.0 = Release|Any CPU
		{3E1E3EA7-47B8-4D31-896A-FCA2F9F3B4FE}.Ad-Hoc|Any CPU.Deploy.0 = Release|Any CPU
		{3E1E3EA7-47B8-4D31-896A-FCA2F9F3B4FE}.Ad-Hoc|ARM.ActiveCfg = Release|Any CPU
		{3E1E3EA7-47B8-4D31-896A-FCA2F9F3B4FE}.Ad-Hoc|ARM.Build.0 = Release|Any CPU
		{3E1E3EA7-47B8-4D31-896A-FCA2F9F3B4FE}.Ad-Hoc|ARM.Deploy.0 = Release|Any CPU
		{3E1E3EA7-47B8-4D31-896A-FCA2F9F3B4FE}.Ad-Hoc|iPhone.ActiveCfg = Release|Any CPU
		{3E1E3EA7-47B8-4D31-896A-FCA2F9F3B4FE}.Ad-Hoc|iPhone.Build.0 = Release|Any CPU
		{3E1E3EA7-47B8-4D31-896A-FCA2F9F3B4FE}.Ad-Hoc|iPhone.Deploy.0 = Release|Any CPU
		{3E1E3EA7-47B8-4D31-896A-FCA2F9F3B4FE}.Ad-Hoc|iPhoneSimulator.ActiveCfg = Release|Any CPU
		{3E1E3EA7-47B8-4D31-896A-FCA2F9F3B4FE}.Ad-Hoc|iPhoneSimulator.Build.0 = Release|Any CPU
		{3E1E3EA7-47B8-4D31-896A-FCA2F9F3B4FE}.Ad-Hoc|iPhoneSimulator.Deploy.0 = Release|Any CPU
		{3E1E3EA7-47B8-4D31-896A-FCA2F9F3B4FE}.Ad-Hoc|x64.ActiveCfg = Release|Any CPU
		{3E1E3EA7-47B8-4D31-896A-FCA2F9F3B4FE}.Ad-Hoc|x64.Build.0 = Release|Any CPU
		{3E1E3EA7-47B8-4D31-896A-FCA2F9F3B4FE}.Ad-Hoc|x64.Deploy.0 = Release|Any CPU
		{3E1E3EA7-47B8-4D31-896A-FCA2F9F3B4FE}.Ad-Hoc|x86.ActiveCfg = Release|Any CPU
		{3E1E3EA7-47B8-4D31-896A-FCA2F9F3B4FE}.Ad-Hoc|x86.Build.0 = Release|Any CPU
		{3E1E3EA7-47B8-4D31-896A-FCA2F9F3B4FE}.Ad-Hoc|x86.Deploy.0 = Release|Any CPU
		{3E1E3EA7-47B8-4D31-896A-FCA2F9F3B4FE}.AppStore|Any CPU.ActiveCfg = Release|Any CPU
		{3E1E3EA7-47B8-4D31-896A-FCA2F9F3B4FE}.AppStore|Any CPU.Build.0 = Release|Any CPU
		{3E1E3EA7-47B8-4D31-896A-FCA2F9F3B4FE}.AppStore|Any CPU.Deploy.0 = Release|Any CPU
		{3E1E3EA7-47B8-4D31-896A-FCA2F9F3B4FE}.AppStore|ARM.ActiveCfg = Release|Any CPU
		{3E1E3EA7-47B8-4D31-896A-FCA2F9F3B4FE}.AppStore|ARM.Build.0 = Release|Any CPU
		{3E1E3EA7-47B8-4D31-896A-FCA2F9F3B4FE}.AppStore|ARM.Deploy.0 = Release|Any CPU
		{3E1E3EA7-47B8-4D31-896A-FCA2F9F3B4FE}.AppStore|iPhone.ActiveCfg = Release|Any CPU
		{3E1E3EA7-47B8-4D31-896A-FCA2F9F3B4FE}.AppStore|iPhone.Build.0 = Release|Any CPU
		{3E1E3EA7-47B8-4D31-896A-FCA2F9F3B4FE}.AppStore|iPhone.Deploy.0 = Release|Any CPU
		{3E1E3EA7-47B8-4D31-896A-FCA2F9F3B4FE}.AppStore|iPhoneSimulator.ActiveCfg = Release|Any CPU
		{3E1E3EA7-47B8-4D31-896A-FCA2F9F3B4FE}.AppStore|iPhoneSimulator.Build.0 = Release|Any CPU
		{3E1E3EA7-47B8-4D31-896A-FCA2F9F3B4FE}.AppStore|iPhoneSimulator.Deploy.0 = Release|Any CPU
		{3E1E3EA7-47B8-4D31-896A-FCA2F9F3B4FE}.AppStore|x64.ActiveCfg = Release|Any CPU
		{3E1E3EA7-47B8-4D31-896A-FCA2F9F3B4FE}.AppStore|x64.Build.0 = Release|Any CPU
		{3E1E3EA7-47B8-4D31-896A-FCA2F9F3B4FE}.AppStore|x64.Deploy.0 = Release|Any CPU
		{3E1E3EA7-47B8-4D31-896A-FCA2F9F3B4FE}.AppStore|x86.ActiveCfg = Release|Any CPU
		{3E1E3EA7-47B8-4D31-896A-FCA2F9F3B4FE}.AppStore|x86.Build.0 = Release|Any CPU
		{3E1E3EA7-47B8-4D31-896A-FCA2F9F3B4FE}.AppStore|x86.Deploy.0 = Release|Any CPU
		{3E1E3EA7-47B8-4D31-896A-FCA2F9F3B4FE}.Debug|Any CPU.ActiveCfg = Debug|Any CPU
		{3E1E3EA7-47B8-4D31-896A-FCA2F9F3B4FE}.Debug|Any CPU.Build.0 = Debug|Any CPU
		{3E1E3EA7-47B8-4D31-896A-FCA2F9F3B4FE}.Debug|Any CPU.Deploy.0 = Debug|Any CPU
		{3E1E3EA7-47B8-4D31-896A-FCA2F9F3B4FE}.Debug|ARM.ActiveCfg = Debug|Any CPU
		{3E1E3EA7-47B8-4D31-896A-FCA2F9F3B4FE}.Debug|ARM.Build.0 = Debug|Any CPU
		{3E1E3EA7-47B8-4D31-896A-FCA2F9F3B4FE}.Debug|ARM.Deploy.0 = Debug|Any CPU
		{3E1E3EA7-47B8-4D31-896A-FCA2F9F3B4FE}.Debug|iPhone.ActiveCfg = Debug|Any CPU
		{3E1E3EA7-47B8-4D31-896A-FCA2F9F3B4FE}.Debug|iPhone.Build.0 = Debug|Any CPU
		{3E1E3EA7-47B8-4D31-896A-FCA2F9F3B4FE}.Debug|iPhone.Deploy.0 = Debug|Any CPU
		{3E1E3EA7-47B8-4D31-896A-FCA2F9F3B4FE}.Debug|iPhoneSimulator.ActiveCfg = Debug|Any CPU
		{3E1E3EA7-47B8-4D31-896A-FCA2F9F3B4FE}.Debug|iPhoneSimulator.Build.0 = Debug|Any CPU
		{3E1E3EA7-47B8-4D31-896A-FCA2F9F3B4FE}.Debug|iPhoneSimulator.Deploy.0 = Debug|Any CPU
		{3E1E3EA7-47B8-4D31-896A-FCA2F9F3B4FE}.Debug|x64.ActiveCfg = Debug|Any CPU
		{3E1E3EA7-47B8-4D31-896A-FCA2F9F3B4FE}.Debug|x64.Build.0 = Debug|Any CPU
		{3E1E3EA7-47B8-4D31-896A-FCA2F9F3B4FE}.Debug|x64.Deploy.0 = Debug|Any CPU
		{3E1E3EA7-47B8-4D31-896A-FCA2F9F3B4FE}.Debug|x86.ActiveCfg = Debug|Any CPU
		{3E1E3EA7-47B8-4D31-896A-FCA2F9F3B4FE}.Debug|x86.Build.0 = Debug|Any CPU
		{3E1E3EA7-47B8-4D31-896A-FCA2F9F3B4FE}.Debug|x86.Deploy.0 = Debug|Any CPU
		{3E1E3EA7-47B8-4D31-896A-FCA2F9F3B4FE}.Release|Any CPU.ActiveCfg = Release|Any CPU
		{3E1E3EA7-47B8-4D31-896A-FCA2F9F3B4FE}.Release|Any CPU.Build.0 = Release|Any CPU
		{3E1E3EA7-47B8-4D31-896A-FCA2F9F3B4FE}.Release|Any CPU.Deploy.0 = Release|Any CPU
		{3E1E3EA7-47B8-4D31-896A-FCA2F9F3B4FE}.Release|ARM.ActiveCfg = Release|Any CPU
		{3E1E3EA7-47B8-4D31-896A-FCA2F9F3B4FE}.Release|ARM.Build.0 = Release|Any CPU
		{3E1E3EA7-47B8-4D31-896A-FCA2F9F3B4FE}.Release|ARM.Deploy.0 = Release|Any CPU
		{3E1E3EA7-47B8-4D31-896A-FCA2F9F3B4FE}.Release|iPhone.ActiveCfg = Release|Any CPU
		{3E1E3EA7-47B8-4D31-896A-FCA2F9F3B4FE}.Release|iPhone.Build.0 = Release|Any CPU
		{3E1E3EA7-47B8-4D31-896A-FCA2F9F3B4FE}.Release|iPhone.Deploy.0 = Release|Any CPU
		{3E1E3EA7-47B8-4D31-896A-FCA2F9F3B4FE}.Release|iPhoneSimulator.ActiveCfg = Release|Any CPU
		{3E1E3EA7-47B8-4D31-896A-FCA2F9F3B4FE}.Release|iPhoneSimulator.Build.0 = Release|Any CPU
		{3E1E3EA7-47B8-4D31-896A-FCA2F9F3B4FE}.Release|iPhoneSimulator.Deploy.0 = Release|Any CPU
		{3E1E3EA7-47B8-4D31-896A-FCA2F9F3B4FE}.Release|x64.ActiveCfg = Release|Any CPU
		{3E1E3EA7-47B8-4D31-896A-FCA2F9F3B4FE}.Release|x64.Build.0 = Release|Any CPU
		{3E1E3EA7-47B8-4D31-896A-FCA2F9F3B4FE}.Release|x64.Deploy.0 = Release|Any CPU
		{3E1E3EA7-47B8-4D31-896A-FCA2F9F3B4FE}.Release|x86.ActiveCfg = Release|Any CPU
		{3E1E3EA7-47B8-4D31-896A-FCA2F9F3B4FE}.Release|x86.Build.0 = Release|Any CPU
		{3E1E3EA7-47B8-4D31-896A-FCA2F9F3B4FE}.Release|x86.Deploy.0 = Release|Any CPU
		{810EA5A2-580C-4AE3-B575-31930545C3FA}.Ad-Hoc|Any CPU.ActiveCfg = Ad-Hoc|iPhone
		{810EA5A2-580C-4AE3-B575-31930545C3FA}.Ad-Hoc|ARM.ActiveCfg = Ad-Hoc|iPhone
		{810EA5A2-580C-4AE3-B575-31930545C3FA}.Ad-Hoc|iPhone.ActiveCfg = Ad-Hoc|iPhone
		{810EA5A2-580C-4AE3-B575-31930545C3FA}.Ad-Hoc|iPhone.Build.0 = Ad-Hoc|iPhone
		{810EA5A2-580C-4AE3-B575-31930545C3FA}.Ad-Hoc|iPhoneSimulator.ActiveCfg = Ad-Hoc|iPhoneSimulator
		{810EA5A2-580C-4AE3-B575-31930545C3FA}.Ad-Hoc|iPhoneSimulator.Build.0 = Ad-Hoc|iPhoneSimulator
		{810EA5A2-580C-4AE3-B575-31930545C3FA}.Ad-Hoc|x64.ActiveCfg = Ad-Hoc|iPhone
		{810EA5A2-580C-4AE3-B575-31930545C3FA}.Ad-Hoc|x86.ActiveCfg = Ad-Hoc|iPhone
		{810EA5A2-580C-4AE3-B575-31930545C3FA}.AppStore|Any CPU.ActiveCfg = AppStore|iPhone
		{810EA5A2-580C-4AE3-B575-31930545C3FA}.AppStore|ARM.ActiveCfg = AppStore|iPhone
		{810EA5A2-580C-4AE3-B575-31930545C3FA}.AppStore|iPhone.ActiveCfg = AppStore|iPhone
		{810EA5A2-580C-4AE3-B575-31930545C3FA}.AppStore|iPhone.Build.0 = AppStore|iPhone
		{810EA5A2-580C-4AE3-B575-31930545C3FA}.AppStore|iPhoneSimulator.ActiveCfg = AppStore|iPhoneSimulator
		{810EA5A2-580C-4AE3-B575-31930545C3FA}.AppStore|iPhoneSimulator.Build.0 = AppStore|iPhoneSimulator
		{810EA5A2-580C-4AE3-B575-31930545C3FA}.AppStore|x64.ActiveCfg = AppStore|iPhone
		{810EA5A2-580C-4AE3-B575-31930545C3FA}.AppStore|x86.ActiveCfg = AppStore|iPhone
		{810EA5A2-580C-4AE3-B575-31930545C3FA}.Debug|Any CPU.ActiveCfg = Debug|iPhone
		{810EA5A2-580C-4AE3-B575-31930545C3FA}.Debug|ARM.ActiveCfg = Debug|iPhone
		{810EA5A2-580C-4AE3-B575-31930545C3FA}.Debug|iPhone.ActiveCfg = Debug|iPhone
		{810EA5A2-580C-4AE3-B575-31930545C3FA}.Debug|iPhone.Build.0 = Debug|iPhone
		{810EA5A2-580C-4AE3-B575-31930545C3FA}.Debug|iPhoneSimulator.ActiveCfg = Debug|iPhoneSimulator
		{810EA5A2-580C-4AE3-B575-31930545C3FA}.Debug|iPhoneSimulator.Build.0 = Debug|iPhoneSimulator
		{810EA5A2-580C-4AE3-B575-31930545C3FA}.Debug|x64.ActiveCfg = Debug|iPhone
		{810EA5A2-580C-4AE3-B575-31930545C3FA}.Debug|x86.ActiveCfg = Debug|iPhone
		{810EA5A2-580C-4AE3-B575-31930545C3FA}.Release|Any CPU.ActiveCfg = Release|iPhone
		{810EA5A2-580C-4AE3-B575-31930545C3FA}.Release|ARM.ActiveCfg = Release|iPhone
		{810EA5A2-580C-4AE3-B575-31930545C3FA}.Release|iPhone.ActiveCfg = Release|iPhone
		{810EA5A2-580C-4AE3-B575-31930545C3FA}.Release|iPhone.Build.0 = Release|iPhone
		{810EA5A2-580C-4AE3-B575-31930545C3FA}.Release|iPhoneSimulator.ActiveCfg = Release|iPhoneSimulator
		{810EA5A2-580C-4AE3-B575-31930545C3FA}.Release|iPhoneSimulator.Build.0 = Release|iPhoneSimulator
		{810EA5A2-580C-4AE3-B575-31930545C3FA}.Release|x64.ActiveCfg = Release|iPhone
		{810EA5A2-580C-4AE3-B575-31930545C3FA}.Release|x86.ActiveCfg = Release|iPhone
		{D259C090-8658-4CBD-94BA-7CAEA9478C72}.Ad-Hoc|Any CPU.ActiveCfg = Release|Any CPU
		{D259C090-8658-4CBD-94BA-7CAEA9478C72}.Ad-Hoc|Any CPU.Build.0 = Release|Any CPU
		{D259C090-8658-4CBD-94BA-7CAEA9478C72}.Ad-Hoc|ARM.ActiveCfg = Release|Any CPU
		{D259C090-8658-4CBD-94BA-7CAEA9478C72}.Ad-Hoc|ARM.Build.0 = Release|Any CPU
		{D259C090-8658-4CBD-94BA-7CAEA9478C72}.Ad-Hoc|iPhone.ActiveCfg = Release|Any CPU
		{D259C090-8658-4CBD-94BA-7CAEA9478C72}.Ad-Hoc|iPhone.Build.0 = Release|Any CPU
		{D259C090-8658-4CBD-94BA-7CAEA9478C72}.Ad-Hoc|iPhoneSimulator.ActiveCfg = Release|Any CPU
		{D259C090-8658-4CBD-94BA-7CAEA9478C72}.Ad-Hoc|iPhoneSimulator.Build.0 = Release|Any CPU
		{D259C090-8658-4CBD-94BA-7CAEA9478C72}.Ad-Hoc|x64.ActiveCfg = Release|Any CPU
		{D259C090-8658-4CBD-94BA-7CAEA9478C72}.Ad-Hoc|x64.Build.0 = Release|Any CPU
		{D259C090-8658-4CBD-94BA-7CAEA9478C72}.Ad-Hoc|x86.ActiveCfg = Release|Any CPU
		{D259C090-8658-4CBD-94BA-7CAEA9478C72}.Ad-Hoc|x86.Build.0 = Release|Any CPU
		{D259C090-8658-4CBD-94BA-7CAEA9478C72}.AppStore|Any CPU.ActiveCfg = Release|Any CPU
		{D259C090-8658-4CBD-94BA-7CAEA9478C72}.AppStore|Any CPU.Build.0 = Release|Any CPU
		{D259C090-8658-4CBD-94BA-7CAEA9478C72}.AppStore|ARM.ActiveCfg = Release|Any CPU
		{D259C090-8658-4CBD-94BA-7CAEA9478C72}.AppStore|ARM.Build.0 = Release|Any CPU
		{D259C090-8658-4CBD-94BA-7CAEA9478C72}.AppStore|iPhone.ActiveCfg = Release|Any CPU
		{D259C090-8658-4CBD-94BA-7CAEA9478C72}.AppStore|iPhone.Build.0 = Release|Any CPU
		{D259C090-8658-4CBD-94BA-7CAEA9478C72}.AppStore|iPhoneSimulator.ActiveCfg = Release|Any CPU
		{D259C090-8658-4CBD-94BA-7CAEA9478C72}.AppStore|iPhoneSimulator.Build.0 = Release|Any CPU
		{D259C090-8658-4CBD-94BA-7CAEA9478C72}.AppStore|x64.ActiveCfg = Release|Any CPU
		{D259C090-8658-4CBD-94BA-7CAEA9478C72}.AppStore|x64.Build.0 = Release|Any CPU
		{D259C090-8658-4CBD-94BA-7CAEA9478C72}.AppStore|x86.ActiveCfg = Release|Any CPU
		{D259C090-8658-4CBD-94BA-7CAEA9478C72}.AppStore|x86.Build.0 = Release|Any CPU
		{D259C090-8658-4CBD-94BA-7CAEA9478C72}.Debug|Any CPU.ActiveCfg = Debug|Any CPU
		{D259C090-8658-4CBD-94BA-7CAEA9478C72}.Debug|Any CPU.Build.0 = Debug|Any CPU
		{D259C090-8658-4CBD-94BA-7CAEA9478C72}.Debug|Any CPU.Deploy.0 = Debug|Any CPU
		{D259C090-8658-4CBD-94BA-7CAEA9478C72}.Debug|ARM.ActiveCfg = Debug|Any CPU
		{D259C090-8658-4CBD-94BA-7CAEA9478C72}.Debug|ARM.Build.0 = Debug|Any CPU
		{D259C090-8658-4CBD-94BA-7CAEA9478C72}.Debug|iPhone.ActiveCfg = Debug|Any CPU
		{D259C090-8658-4CBD-94BA-7CAEA9478C72}.Debug|iPhone.Build.0 = Debug|Any CPU
		{D259C090-8658-4CBD-94BA-7CAEA9478C72}.Debug|iPhoneSimulator.ActiveCfg = Debug|Any CPU
		{D259C090-8658-4CBD-94BA-7CAEA9478C72}.Debug|iPhoneSimulator.Build.0 = Debug|Any CPU
		{D259C090-8658-4CBD-94BA-7CAEA9478C72}.Debug|x64.ActiveCfg = Debug|Any CPU
		{D259C090-8658-4CBD-94BA-7CAEA9478C72}.Debug|x64.Build.0 = Debug|Any CPU
		{D259C090-8658-4CBD-94BA-7CAEA9478C72}.Debug|x86.ActiveCfg = Debug|Any CPU
		{D259C090-8658-4CBD-94BA-7CAEA9478C72}.Debug|x86.Build.0 = Debug|Any CPU
		{D259C090-8658-4CBD-94BA-7CAEA9478C72}.Release|Any CPU.ActiveCfg = Release|Any CPU
		{D259C090-8658-4CBD-94BA-7CAEA9478C72}.Release|Any CPU.Build.0 = Release|Any CPU
		{D259C090-8658-4CBD-94BA-7CAEA9478C72}.Release|ARM.ActiveCfg = Release|Any CPU
		{D259C090-8658-4CBD-94BA-7CAEA9478C72}.Release|ARM.Build.0 = Release|Any CPU
		{D259C090-8658-4CBD-94BA-7CAEA9478C72}.Release|iPhone.ActiveCfg = Release|Any CPU
		{D259C090-8658-4CBD-94BA-7CAEA9478C72}.Release|iPhone.Build.0 = Release|Any CPU
		{D259C090-8658-4CBD-94BA-7CAEA9478C72}.Release|iPhoneSimulator.ActiveCfg = Release|Any CPU
		{D259C090-8658-4CBD-94BA-7CAEA9478C72}.Release|iPhoneSimulator.Build.0 = Release|Any CPU
		{D259C090-8658-4CBD-94BA-7CAEA9478C72}.Release|x64.ActiveCfg = Release|Any CPU
		{D259C090-8658-4CBD-94BA-7CAEA9478C72}.Release|x64.Build.0 = Release|Any CPU
		{D259C090-8658-4CBD-94BA-7CAEA9478C72}.Release|x86.ActiveCfg = Release|Any CPU
		{D259C090-8658-4CBD-94BA-7CAEA9478C72}.Release|x86.Build.0 = Release|Any CPU
	EndGlobalSection
	GlobalSection(SolutionProperties) = preSolution
		HideSolutionNode = FALSE
	EndGlobalSection
	GlobalSection(MonoDevelopProperties) = preSolution
		Policies = $0
		$0.DotNetNamingPolicy = $1
		$1.DirectoryNamespaceAssociation = None
		$1.ResourceNamePolicy = FileFormatDefault
		$0.NameConventionPolicy = $2
		$2.Rules = $3
		$3.NamingRule = $23
		$4.Name = Namespaces
		$4.AffectedEntity = Namespace
		$4.VisibilityMask = VisibilityMask
		$4.NamingStyle = PascalCase
		$4.IncludeInstanceMembers = True
		$4.IncludeStaticEntities = True
		$5.Name = Types
		$5.AffectedEntity = Class, Struct, Enum, Delegate
		$5.VisibilityMask = Public
		$5.NamingStyle = PascalCase
		$5.IncludeInstanceMembers = True
		$5.IncludeStaticEntities = True
		$6.Name = Interfaces
		$6.RequiredPrefixes = $7
		$7.String = I
		$6.AffectedEntity = Interface
		$6.VisibilityMask = Public
		$6.NamingStyle = PascalCase
		$6.IncludeInstanceMembers = True
		$6.IncludeStaticEntities = True
		$8.Name = Attributes
		$8.RequiredSuffixes = $9
		$9.String = Attribute
		$8.AffectedEntity = CustomAttributes
		$8.VisibilityMask = Public
		$8.NamingStyle = PascalCase
		$8.IncludeInstanceMembers = True
		$8.IncludeStaticEntities = True
		$10.Name = Event Arguments
		$10.RequiredSuffixes = $11
		$11.String = EventArgs
		$10.AffectedEntity = CustomEventArgs
		$10.VisibilityMask = Public
		$10.NamingStyle = PascalCase
		$10.IncludeInstanceMembers = True
		$10.IncludeStaticEntities = True
		$12.Name = Exceptions
		$12.RequiredSuffixes = $13
		$13.String = Exception
		$12.AffectedEntity = CustomExceptions
		$12.VisibilityMask = VisibilityMask
		$12.NamingStyle = PascalCase
		$12.IncludeInstanceMembers = True
		$12.IncludeStaticEntities = True
		$14.Name = Methods
		$14.AffectedEntity = Methods
		$14.VisibilityMask = Protected, Public
		$14.NamingStyle = PascalCase
		$14.IncludeInstanceMembers = True
		$14.IncludeStaticEntities = True
		$15.Name = Static Readonly Fields
		$15.AffectedEntity = ReadonlyField
		$15.VisibilityMask = Protected, Public
		$15.NamingStyle = PascalCase
		$15.IncludeInstanceMembers = False
		$15.IncludeStaticEntities = True
		$16.Name = Fields
		$16.AffectedEntity = Field
		$16.VisibilityMask = Protected, Public
		$16.NamingStyle = PascalCase
		$16.IncludeInstanceMembers = True
		$16.IncludeStaticEntities = True
		$17.Name = ReadOnly Fields
		$17.AffectedEntity = ReadonlyField
		$17.VisibilityMask = Protected, Public
		$17.NamingStyle = PascalCase
		$17.IncludeInstanceMembers = True
		$17.IncludeStaticEntities = False
		$18.Name = Constant Fields
		$18.AffectedEntity = ConstantField
		$18.VisibilityMask = Protected, Public
		$18.NamingStyle = PascalCase
		$18.IncludeInstanceMembers = True
		$18.IncludeStaticEntities = True
		$19.Name = Properties
		$19.AffectedEntity = Property
		$19.VisibilityMask = Protected, Public
		$19.NamingStyle = PascalCase
		$19.IncludeInstanceMembers = True
		$19.IncludeStaticEntities = True
		$20.Name = Events
		$20.AffectedEntity = Event
		$20.VisibilityMask = Protected, Public
		$20.NamingStyle = PascalCase
		$20.IncludeInstanceMembers = True
		$20.IncludeStaticEntities = True
		$21.Name = Enum Members
		$21.AffectedEntity = EnumMember
		$21.VisibilityMask = VisibilityMask
		$21.NamingStyle = PascalCase
		$21.IncludeInstanceMembers = True
		$21.IncludeStaticEntities = True
		$22.Name = Parameters
		$22.AffectedEntity = Parameter
		$22.VisibilityMask = VisibilityMask
		$22.NamingStyle = CamelCase
		$22.IncludeInstanceMembers = True
		$22.IncludeStaticEntities = True
		$23.Name = Type Parameters
		$23.RequiredPrefixes = $24
		$24.String = T
		$23.AffectedEntity = TypeParameter
		$23.VisibilityMask = VisibilityMask
		$23.NamingStyle = PascalCase
		$23.IncludeInstanceMembers = True
		$23.IncludeStaticEntities = True
		$0.VersionControlPolicy = $25
		$25.inheritsSet = Mono
		$0.ChangeLogPolicy = $26
		$26.UpdateMode = None
		$26.MessageStyle = $27
		$27.LineAlign = 0
		$26.inheritsSet = Mono
	EndGlobalSection
EndGlobal
