
Microsoft Visual Studio Solution File, Format Version 12.00
# Visual Studio 14
VisualStudioVersion = 14.0.25420.1
MinimumVisualStudioVersion = 10.0.40219.1
Project("{FAE04EC0-301F-11D3-BF4B-00C04F79EFBC}") = "theCiruitLive", "theCiruitLive\theCiruitLive\theCiruitLive.csproj", "{502BB35B-E91D-4C23-8C3B-77AC5CCD10FC}"
EndProject
Project("{FAE04EC0-301F-11D3-BF4B-00C04F79EFBC}") = "theCiruitLive.Droid", "theCiruitLive\theCiruitLive.Droid\theCiruitLive.Droid.csproj", "{84D99BC3-2B43-4FE4-BDD4-A9F1462348A1}"
EndProject
Project("{FAE04EC0-301F-11D3-BF4B-00C04F79EFBC}") = "theCiruitLive.iOS", "theCiruitLive\theCiruitLive.iOS\theCiruitLive.iOS.csproj", "{12F0F03C-D4FD-40AF-AC31-08A39AB0C763}"
EndProject
Project("{FAE04EC0-301F-11D3-BF4B-00C04F79EFBC}") = "theCiruitLive.WinPhone", "theCiruitLive\theCiruitLive.WinPhone\theCiruitLive.WinPhone.csproj", "{5F5EC115-1B23-4D9D-BB68-BAF7465E18E1}"
EndProject
Project("{FAE04EC0-301F-11D3-BF4B-00C04F79EFBC}") = "theCiruitLive.Windows", "theCiruitLive\theCiruitLive.Windows\theCiruitLive.Windows.csproj", "{2E5554EC-8897-4830-A01D-296008FE157B}"
EndProject
Global
	GlobalSection(SolutionConfigurationPlatforms) = preSolution
		Ad-Hoc|Any CPU = Ad-Hoc|Any CPU
		Ad-Hoc|ARM = Ad-Hoc|ARM
		Ad-Hoc|iPhone = Ad-Hoc|iPhone
		Ad-Hoc|iPhoneSimulator = Ad-Hoc|iPhoneSimulator
		Ad-Hoc|x64 = Ad-Hoc|x64
		Ad-Hoc|x86 = Ad-Hoc|x86
		AppStore|Any CPU = AppStore|Any CPU
		AppStore|ARM = AppStore|ARM
		AppStore|iPhone = AppStore|iPhone
		AppStore|iPhoneSimulator = AppStore|iPhoneSimulator
		AppStore|x64 = AppStore|x64
		AppStore|x86 = AppStore|x86
		Debug|Any CPU = Debug|Any CPU
		Debug|ARM = Debug|ARM
		Debug|iPhone = Debug|iPhone
		Debug|iPhoneSimulator = Debug|iPhoneSimulator
		Debug|x64 = Debug|x64
		Debug|x86 = Debug|x86
		Release|Any CPU = Release|Any CPU
		Release|ARM = Release|ARM
		Release|iPhone = Release|iPhone
		Release|iPhoneSimulator = Release|iPhoneSimulator
		Release|x64 = Release|x64
		Release|x86 = Release|x86
	EndGlobalSection
	GlobalSection(ProjectConfigurationPlatforms) = postSolution
		{502BB35B-E91D-4C23-8C3B-77AC5CCD10FC}.Ad-Hoc|Any CPU.ActiveCfg = Release|Any CPU
		{502BB35B-E91D-4C23-8C3B-77AC5CCD10FC}.Ad-Hoc|Any CPU.Build.0 = Release|Any CPU
		{502BB35B-E91D-4C23-8C3B-77AC5CCD10FC}.Ad-Hoc|ARM.ActiveCfg = Release|Any CPU
		{502BB35B-E91D-4C23-8C3B-77AC5CCD10FC}.Ad-Hoc|ARM.Build.0 = Release|Any CPU
		{502BB35B-E91D-4C23-8C3B-77AC5CCD10FC}.Ad-Hoc|iPhone.ActiveCfg = Release|Any CPU
		{502BB35B-E91D-4C23-8C3B-77AC5CCD10FC}.Ad-Hoc|iPhone.Build.0 = Release|Any CPU
		{502BB35B-E91D-4C23-8C3B-77AC5CCD10FC}.Ad-Hoc|iPhoneSimulator.ActiveCfg = Release|Any CPU
		{502BB35B-E91D-4C23-8C3B-77AC5CCD10FC}.Ad-Hoc|iPhoneSimulator.Build.0 = Release|Any CPU
		{502BB35B-E91D-4C23-8C3B-77AC5CCD10FC}.Ad-Hoc|x64.ActiveCfg = Release|Any CPU
		{502BB35B-E91D-4C23-8C3B-77AC5CCD10FC}.Ad-Hoc|x64.Build.0 = Release|Any CPU
		{502BB35B-E91D-4C23-8C3B-77AC5CCD10FC}.Ad-Hoc|x86.ActiveCfg = Release|Any CPU
		{502BB35B-E91D-4C23-8C3B-77AC5CCD10FC}.Ad-Hoc|x86.Build.0 = Release|Any CPU
		{502BB35B-E91D-4C23-8C3B-77AC5CCD10FC}.AppStore|Any CPU.ActiveCfg = Release|Any CPU
		{502BB35B-E91D-4C23-8C3B-77AC5CCD10FC}.AppStore|Any CPU.Build.0 = Release|Any CPU
		{502BB35B-E91D-4C23-8C3B-77AC5CCD10FC}.AppStore|ARM.ActiveCfg = Release|Any CPU
		{502BB35B-E91D-4C23-8C3B-77AC5CCD10FC}.AppStore|ARM.Build.0 = Release|Any CPU
		{502BB35B-E91D-4C23-8C3B-77AC5CCD10FC}.AppStore|iPhone.ActiveCfg = Release|Any CPU
		{502BB35B-E91D-4C23-8C3B-77AC5CCD10FC}.AppStore|iPhone.Build.0 = Release|Any CPU
		{502BB35B-E91D-4C23-8C3B-77AC5CCD10FC}.AppStore|iPhoneSimulator.ActiveCfg = Release|Any CPU
		{502BB35B-E91D-4C23-8C3B-77AC5CCD10FC}.AppStore|iPhoneSimulator.Build.0 = Release|Any CPU
		{502BB35B-E91D-4C23-8C3B-77AC5CCD10FC}.AppStore|x64.ActiveCfg = Release|Any CPU
		{502BB35B-E91D-4C23-8C3B-77AC5CCD10FC}.AppStore|x64.Build.0 = Release|Any CPU
		{502BB35B-E91D-4C23-8C3B-77AC5CCD10FC}.AppStore|x86.ActiveCfg = Release|Any CPU
		{502BB35B-E91D-4C23-8C3B-77AC5CCD10FC}.AppStore|x86.Build.0 = Release|Any CPU
		{502BB35B-E91D-4C23-8C3B-77AC5CCD10FC}.Debug|Any CPU.ActiveCfg = Debug|Any CPU
		{502BB35B-E91D-4C23-8C3B-77AC5CCD10FC}.Debug|Any CPU.Build.0 = Debug|Any CPU
		{502BB35B-E91D-4C23-8C3B-77AC5CCD10FC}.Debug|ARM.ActiveCfg = Debug|Any CPU
		{502BB35B-E91D-4C23-8C3B-77AC5CCD10FC}.Debug|ARM.Build.0 = Debug|Any CPU
		{502BB35B-E91D-4C23-8C3B-77AC5CCD10FC}.Debug|iPhone.ActiveCfg = Debug|Any CPU
		{502BB35B-E91D-4C23-8C3B-77AC5CCD10FC}.Debug|iPhone.Build.0 = Debug|Any CPU
		{502BB35B-E91D-4C23-8C3B-77AC5CCD10FC}.Debug|iPhoneSimulator.ActiveCfg = Debug|Any CPU
		{502BB35B-E91D-4C23-8C3B-77AC5CCD10FC}.Debug|iPhoneSimulator.Build.0 = Debug|Any CPU
		{502BB35B-E91D-4C23-8C3B-77AC5CCD10FC}.Debug|x64.ActiveCfg = Debug|Any CPU
		{502BB35B-E91D-4C23-8C3B-77AC5CCD10FC}.Debug|x64.Build.0 = Debug|Any CPU
		{502BB35B-E91D-4C23-8C3B-77AC5CCD10FC}.Debug|x86.ActiveCfg = Debug|Any CPU
		{502BB35B-E91D-4C23-8C3B-77AC5CCD10FC}.Debug|x86.Build.0 = Debug|Any CPU
		{502BB35B-E91D-4C23-8C3B-77AC5CCD10FC}.Release|Any CPU.ActiveCfg = Release|Any CPU
		{502BB35B-E91D-4C23-8C3B-77AC5CCD10FC}.Release|Any CPU.Build.0 = Release|Any CPU
		{502BB35B-E91D-4C23-8C3B-77AC5CCD10FC}.Release|ARM.ActiveCfg = Release|Any CPU
		{502BB35B-E91D-4C23-8C3B-77AC5CCD10FC}.Release|ARM.Build.0 = Release|Any CPU
		{502BB35B-E91D-4C23-8C3B-77AC5CCD10FC}.Release|iPhone.ActiveCfg = Release|Any CPU
		{502BB35B-E91D-4C23-8C3B-77AC5CCD10FC}.Release|iPhone.Build.0 = Release|Any CPU
		{502BB35B-E91D-4C23-8C3B-77AC5CCD10FC}.Release|iPhoneSimulator.ActiveCfg = Release|Any CPU
		{502BB35B-E91D-4C23-8C3B-77AC5CCD10FC}.Release|iPhoneSimulator.Build.0 = Release|Any CPU
		{502BB35B-E91D-4C23-8C3B-77AC5CCD10FC}.Release|x64.ActiveCfg = Release|Any CPU
		{502BB35B-E91D-4C23-8C3B-77AC5CCD10FC}.Release|x64.Build.0 = Release|Any CPU
		{502BB35B-E91D-4C23-8C3B-77AC5CCD10FC}.Release|x86.ActiveCfg = Release|Any CPU
		{502BB35B-E91D-4C23-8C3B-77AC5CCD10FC}.Release|x86.Build.0 = Release|Any CPU
		{84D99BC3-2B43-4FE4-BDD4-A9F1462348A1}.Ad-Hoc|Any CPU.ActiveCfg = Release|Any CPU
		{84D99BC3-2B43-4FE4-BDD4-A9F1462348A1}.Ad-Hoc|Any CPU.Build.0 = Release|Any CPU
		{84D99BC3-2B43-4FE4-BDD4-A9F1462348A1}.Ad-Hoc|Any CPU.Deploy.0 = Release|Any CPU
		{84D99BC3-2B43-4FE4-BDD4-A9F1462348A1}.Ad-Hoc|ARM.ActiveCfg = Release|Any CPU
		{84D99BC3-2B43-4FE4-BDD4-A9F1462348A1}.Ad-Hoc|ARM.Build.0 = Release|Any CPU
		{84D99BC3-2B43-4FE4-BDD4-A9F1462348A1}.Ad-Hoc|ARM.Deploy.0 = Release|Any CPU
		{84D99BC3-2B43-4FE4-BDD4-A9F1462348A1}.Ad-Hoc|iPhone.ActiveCfg = Release|Any CPU
		{84D99BC3-2B43-4FE4-BDD4-A9F1462348A1}.Ad-Hoc|iPhone.Build.0 = Release|Any CPU
		{84D99BC3-2B43-4FE4-BDD4-A9F1462348A1}.Ad-Hoc|iPhone.Deploy.0 = Release|Any CPU
		{84D99BC3-2B43-4FE4-BDD4-A9F1462348A1}.Ad-Hoc|iPhoneSimulator.ActiveCfg = Release|Any CPU
		{84D99BC3-2B43-4FE4-BDD4-A9F1462348A1}.Ad-Hoc|iPhoneSimulator.Build.0 = Release|Any CPU
		{84D99BC3-2B43-4FE4-BDD4-A9F1462348A1}.Ad-Hoc|iPhoneSimulator.Deploy.0 = Release|Any CPU
		{84D99BC3-2B43-4FE4-BDD4-A9F1462348A1}.Ad-Hoc|x64.ActiveCfg = Release|Any CPU
		{84D99BC3-2B43-4FE4-BDD4-A9F1462348A1}.Ad-Hoc|x64.Build.0 = Release|Any CPU
		{84D99BC3-2B43-4FE4-BDD4-A9F1462348A1}.Ad-Hoc|x64.Deploy.0 = Release|Any CPU
		{84D99BC3-2B43-4FE4-BDD4-A9F1462348A1}.Ad-Hoc|x86.ActiveCfg = Release|Any CPU
		{84D99BC3-2B43-4FE4-BDD4-A9F1462348A1}.Ad-Hoc|x86.Build.0 = Release|Any CPU
		{84D99BC3-2B43-4FE4-BDD4-A9F1462348A1}.Ad-Hoc|x86.Deploy.0 = Release|Any CPU
		{84D99BC3-2B43-4FE4-BDD4-A9F1462348A1}.AppStore|Any CPU.ActiveCfg = Release|Any CPU
		{84D99BC3-2B43-4FE4-BDD4-A9F1462348A1}.AppStore|Any CPU.Build.0 = Release|Any CPU
		{84D99BC3-2B43-4FE4-BDD4-A9F1462348A1}.AppStore|Any CPU.Deploy.0 = Release|Any CPU
		{84D99BC3-2B43-4FE4-BDD4-A9F1462348A1}.AppStore|ARM.ActiveCfg = Release|Any CPU
		{84D99BC3-2B43-4FE4-BDD4-A9F1462348A1}.AppStore|ARM.Build.0 = Release|Any CPU
		{84D99BC3-2B43-4FE4-BDD4-A9F1462348A1}.AppStore|ARM.Deploy.0 = Release|Any CPU
		{84D99BC3-2B43-4FE4-BDD4-A9F1462348A1}.AppStore|iPhone.ActiveCfg = Release|Any CPU
		{84D99BC3-2B43-4FE4-BDD4-A9F1462348A1}.AppStore|iPhone.Build.0 = Release|Any CPU
		{84D99BC3-2B43-4FE4-BDD4-A9F1462348A1}.AppStore|iPhone.Deploy.0 = Release|Any CPU
		{84D99BC3-2B43-4FE4-BDD4-A9F1462348A1}.AppStore|iPhoneSimulator.ActiveCfg = Release|Any CPU
		{84D99BC3-2B43-4FE4-BDD4-A9F1462348A1}.AppStore|iPhoneSimulator.Build.0 = Release|Any CPU
		{84D99BC3-2B43-4FE4-BDD4-A9F1462348A1}.AppStore|iPhoneSimulator.Deploy.0 = Release|Any CPU
		{84D99BC3-2B43-4FE4-BDD4-A9F1462348A1}.AppStore|x64.ActiveCfg = Release|Any CPU
		{84D99BC3-2B43-4FE4-BDD4-A9F1462348A1}.AppStore|x64.Build.0 = Release|Any CPU
		{84D99BC3-2B43-4FE4-BDD4-A9F1462348A1}.AppStore|x64.Deploy.0 = Release|Any CPU
		{84D99BC3-2B43-4FE4-BDD4-A9F1462348A1}.AppStore|x86.ActiveCfg = Release|Any CPU
		{84D99BC3-2B43-4FE4-BDD4-A9F1462348A1}.AppStore|x86.Build.0 = Release|Any CPU
		{84D99BC3-2B43-4FE4-BDD4-A9F1462348A1}.AppStore|x86.Deploy.0 = Release|Any CPU
		{84D99BC3-2B43-4FE4-BDD4-A9F1462348A1}.Debug|Any CPU.ActiveCfg = Debug|Any CPU
		{84D99BC3-2B43-4FE4-BDD4-A9F1462348A1}.Debug|Any CPU.Build.0 = Debug|Any CPU
		{84D99BC3-2B43-4FE4-BDD4-A9F1462348A1}.Debug|Any CPU.Deploy.0 = Debug|Any CPU
		{84D99BC3-2B43-4FE4-BDD4-A9F1462348A1}.Debug|ARM.ActiveCfg = Debug|Any CPU
		{84D99BC3-2B43-4FE4-BDD4-A9F1462348A1}.Debug|ARM.Build.0 = Debug|Any CPU
		{84D99BC3-2B43-4FE4-BDD4-A9F1462348A1}.Debug|ARM.Deploy.0 = Debug|Any CPU
		{84D99BC3-2B43-4FE4-BDD4-A9F1462348A1}.Debug|iPhone.ActiveCfg = Debug|Any CPU
		{84D99BC3-2B43-4FE4-BDD4-A9F1462348A1}.Debug|iPhone.Build.0 = Debug|Any CPU
		{84D99BC3-2B43-4FE4-BDD4-A9F1462348A1}.Debug|iPhone.Deploy.0 = Debug|Any CPU
		{84D99BC3-2B43-4FE4-BDD4-A9F1462348A1}.Debug|iPhoneSimulator.ActiveCfg = Debug|Any CPU
		{84D99BC3-2B43-4FE4-BDD4-A9F1462348A1}.Debug|iPhoneSimulator.Build.0 = Debug|Any CPU
		{84D99BC3-2B43-4FE4-BDD4-A9F1462348A1}.Debug|iPhoneSimulator.Deploy.0 = Debug|Any CPU
		{84D99BC3-2B43-4FE4-BDD4-A9F1462348A1}.Debug|x64.ActiveCfg = Debug|Any CPU
		{84D99BC3-2B43-4FE4-BDD4-A9F1462348A1}.Debug|x64.Build.0 = Debug|Any CPU
		{84D99BC3-2B43-4FE4-BDD4-A9F1462348A1}.Debug|x64.Deploy.0 = Debug|Any CPU
		{84D99BC3-2B43-4FE4-BDD4-A9F1462348A1}.Debug|x86.ActiveCfg = Debug|Any CPU
		{84D99BC3-2B43-4FE4-BDD4-A9F1462348A1}.Debug|x86.Build.0 = Debug|Any CPU
		{84D99BC3-2B43-4FE4-BDD4-A9F1462348A1}.Debug|x86.Deploy.0 = Debug|Any CPU
		{84D99BC3-2B43-4FE4-BDD4-A9F1462348A1}.Release|Any CPU.ActiveCfg = Release|Any CPU
		{84D99BC3-2B43-4FE4-BDD4-A9F1462348A1}.Release|Any CPU.Build.0 = Release|Any CPU
		{84D99BC3-2B43-4FE4-BDD4-A9F1462348A1}.Release|Any CPU.Deploy.0 = Release|Any CPU
		{84D99BC3-2B43-4FE4-BDD4-A9F1462348A1}.Release|ARM.ActiveCfg = Release|Any CPU
		{84D99BC3-2B43-4FE4-BDD4-A9F1462348A1}.Release|ARM.Build.0 = Release|Any CPU
		{84D99BC3-2B43-4FE4-BDD4-A9F1462348A1}.Release|ARM.Deploy.0 = Release|Any CPU
		{84D99BC3-2B43-4FE4-BDD4-A9F1462348A1}.Release|iPhone.ActiveCfg = Release|Any CPU
		{84D99BC3-2B43-4FE4-BDD4-A9F1462348A1}.Release|iPhone.Build.0 = Release|Any CPU
		{84D99BC3-2B43-4FE4-BDD4-A9F1462348A1}.Release|iPhone.Deploy.0 = Release|Any CPU
		{84D99BC3-2B43-4FE4-BDD4-A9F1462348A1}.Release|iPhoneSimulator.ActiveCfg = Release|Any CPU
		{84D99BC3-2B43-4FE4-BDD4-A9F1462348A1}.Release|iPhoneSimulator.Build.0 = Release|Any CPU
		{84D99BC3-2B43-4FE4-BDD4-A9F1462348A1}.Release|iPhoneSimulator.Deploy.0 = Release|Any CPU
		{84D99BC3-2B43-4FE4-BDD4-A9F1462348A1}.Release|x64.ActiveCfg = Release|Any CPU
		{84D99BC3-2B43-4FE4-BDD4-A9F1462348A1}.Release|x64.Build.0 = Release|Any CPU
		{84D99BC3-2B43-4FE4-BDD4-A9F1462348A1}.Release|x64.Deploy.0 = Release|Any CPU
		{84D99BC3-2B43-4FE4-BDD4-A9F1462348A1}.Release|x86.ActiveCfg = Release|Any CPU
		{84D99BC3-2B43-4FE4-BDD4-A9F1462348A1}.Release|x86.Build.0 = Release|Any CPU
		{84D99BC3-2B43-4FE4-BDD4-A9F1462348A1}.Release|x86.Deploy.0 = Release|Any CPU
		{12F0F03C-D4FD-40AF-AC31-08A39AB0C763}.Ad-Hoc|Any CPU.ActiveCfg = Ad-Hoc|iPhone
		{12F0F03C-D4FD-40AF-AC31-08A39AB0C763}.Ad-Hoc|ARM.ActiveCfg = Ad-Hoc|iPhone
		{12F0F03C-D4FD-40AF-AC31-08A39AB0C763}.Ad-Hoc|iPhone.ActiveCfg = Ad-Hoc|iPhone
		{12F0F03C-D4FD-40AF-AC31-08A39AB0C763}.Ad-Hoc|iPhone.Build.0 = Ad-Hoc|iPhone
		{12F0F03C-D4FD-40AF-AC31-08A39AB0C763}.Ad-Hoc|iPhoneSimulator.ActiveCfg = Ad-Hoc|iPhoneSimulator
		{12F0F03C-D4FD-40AF-AC31-08A39AB0C763}.Ad-Hoc|iPhoneSimulator.Build.0 = Ad-Hoc|iPhoneSimulator
		{12F0F03C-D4FD-40AF-AC31-08A39AB0C763}.Ad-Hoc|x64.ActiveCfg = Ad-Hoc|iPhone
		{12F0F03C-D4FD-40AF-AC31-08A39AB0C763}.Ad-Hoc|x86.ActiveCfg = Ad-Hoc|iPhone
		{12F0F03C-D4FD-40AF-AC31-08A39AB0C763}.AppStore|Any CPU.ActiveCfg = AppStore|iPhone
		{12F0F03C-D4FD-40AF-AC31-08A39AB0C763}.AppStore|ARM.ActiveCfg = AppStore|iPhone
		{12F0F03C-D4FD-40AF-AC31-08A39AB0C763}.AppStore|iPhone.ActiveCfg = AppStore|iPhone
		{12F0F03C-D4FD-40AF-AC31-08A39AB0C763}.AppStore|iPhone.Build.0 = AppStore|iPhone
		{12F0F03C-D4FD-40AF-AC31-08A39AB0C763}.AppStore|iPhoneSimulator.ActiveCfg = AppStore|iPhoneSimulator
		{12F0F03C-D4FD-40AF-AC31-08A39AB0C763}.AppStore|iPhoneSimulator.Build.0 = AppStore|iPhoneSimulator
		{12F0F03C-D4FD-40AF-AC31-08A39AB0C763}.AppStore|x64.ActiveCfg = AppStore|iPhone
		{12F0F03C-D4FD-40AF-AC31-08A39AB0C763}.AppStore|x86.ActiveCfg = AppStore|iPhone
		{12F0F03C-D4FD-40AF-AC31-08A39AB0C763}.Debug|Any CPU.ActiveCfg = Debug|iPhone
		{12F0F03C-D4FD-40AF-AC31-08A39AB0C763}.Debug|ARM.ActiveCfg = Debug|iPhone
		{12F0F03C-D4FD-40AF-AC31-08A39AB0C763}.Debug|iPhone.ActiveCfg = Debug|iPhone
		{12F0F03C-D4FD-40AF-AC31-08A39AB0C763}.Debug|iPhone.Build.0 = Debug|iPhone
		{12F0F03C-D4FD-40AF-AC31-08A39AB0C763}.Debug|iPhoneSimulator.ActiveCfg = Debug|iPhoneSimulator
		{12F0F03C-D4FD-40AF-AC31-08A39AB0C763}.Debug|iPhoneSimulator.Build.0 = Debug|iPhoneSimulator
		{12F0F03C-D4FD-40AF-AC31-08A39AB0C763}.Debug|x64.ActiveCfg = Debug|iPhone
		{12F0F03C-D4FD-40AF-AC31-08A39AB0C763}.Debug|x86.ActiveCfg = Debug|iPhone
		{12F0F03C-D4FD-40AF-AC31-08A39AB0C763}.Release|Any CPU.ActiveCfg = Release|iPhone
		{12F0F03C-D4FD-40AF-AC31-08A39AB0C763}.Release|ARM.ActiveCfg = Release|iPhone
		{12F0F03C-D4FD-40AF-AC31-08A39AB0C763}.Release|iPhone.ActiveCfg = Release|iPhone
		{12F0F03C-D4FD-40AF-AC31-08A39AB0C763}.Release|iPhone.Build.0 = Release|iPhone
		{12F0F03C-D4FD-40AF-AC31-08A39AB0C763}.Release|iPhoneSimulator.ActiveCfg = Release|iPhoneSimulator
		{12F0F03C-D4FD-40AF-AC31-08A39AB0C763}.Release|iPhoneSimulator.Build.0 = Release|iPhoneSimulator
		{12F0F03C-D4FD-40AF-AC31-08A39AB0C763}.Release|x64.ActiveCfg = Release|iPhone
		{12F0F03C-D4FD-40AF-AC31-08A39AB0C763}.Release|x86.ActiveCfg = Release|iPhone
		{5F5EC115-1B23-4D9D-BB68-BAF7465E18E1}.Ad-Hoc|Any CPU.ActiveCfg = Release|Any CPU
		{5F5EC115-1B23-4D9D-BB68-BAF7465E18E1}.Ad-Hoc|Any CPU.Build.0 = Release|Any CPU
		{5F5EC115-1B23-4D9D-BB68-BAF7465E18E1}.Ad-Hoc|Any CPU.Deploy.0 = Release|Any CPU
		{5F5EC115-1B23-4D9D-BB68-BAF7465E18E1}.Ad-Hoc|ARM.ActiveCfg = Release|ARM
		{5F5EC115-1B23-4D9D-BB68-BAF7465E18E1}.Ad-Hoc|ARM.Build.0 = Release|ARM
		{5F5EC115-1B23-4D9D-BB68-BAF7465E18E1}.Ad-Hoc|ARM.Deploy.0 = Release|ARM
		{5F5EC115-1B23-4D9D-BB68-BAF7465E18E1}.Ad-Hoc|iPhone.ActiveCfg = Release|Any CPU
		{5F5EC115-1B23-4D9D-BB68-BAF7465E18E1}.Ad-Hoc|iPhone.Build.0 = Release|Any CPU
		{5F5EC115-1B23-4D9D-BB68-BAF7465E18E1}.Ad-Hoc|iPhone.Deploy.0 = Release|Any CPU
		{5F5EC115-1B23-4D9D-BB68-BAF7465E18E1}.Ad-Hoc|iPhoneSimulator.ActiveCfg = Release|Any CPU
		{5F5EC115-1B23-4D9D-BB68-BAF7465E18E1}.Ad-Hoc|iPhoneSimulator.Build.0 = Release|Any CPU
		{5F5EC115-1B23-4D9D-BB68-BAF7465E18E1}.Ad-Hoc|iPhoneSimulator.Deploy.0 = Release|Any CPU
		{5F5EC115-1B23-4D9D-BB68-BAF7465E18E1}.Ad-Hoc|x64.ActiveCfg = Release|Any CPU
		{5F5EC115-1B23-4D9D-BB68-BAF7465E18E1}.Ad-Hoc|x64.Build.0 = Release|Any CPU
		{5F5EC115-1B23-4D9D-BB68-BAF7465E18E1}.Ad-Hoc|x64.Deploy.0 = Release|Any CPU
		{5F5EC115-1B23-4D9D-BB68-BAF7465E18E1}.Ad-Hoc|x86.ActiveCfg = Release|x86
		{5F5EC115-1B23-4D9D-BB68-BAF7465E18E1}.Ad-Hoc|x86.Build.0 = Release|x86
		{5F5EC115-1B23-4D9D-BB68-BAF7465E18E1}.Ad-Hoc|x86.Deploy.0 = Release|x86
		{5F5EC115-1B23-4D9D-BB68-BAF7465E18E1}.AppStore|Any CPU.ActiveCfg = Release|Any CPU
		{5F5EC115-1B23-4D9D-BB68-BAF7465E18E1}.AppStore|Any CPU.Build.0 = Release|Any CPU
		{5F5EC115-1B23-4D9D-BB68-BAF7465E18E1}.AppStore|Any CPU.Deploy.0 = Release|Any CPU
		{5F5EC115-1B23-4D9D-BB68-BAF7465E18E1}.AppStore|ARM.ActiveCfg = Release|ARM
		{5F5EC115-1B23-4D9D-BB68-BAF7465E18E1}.AppStore|ARM.Build.0 = Release|ARM
		{5F5EC115-1B23-4D9D-BB68-BAF7465E18E1}.AppStore|ARM.Deploy.0 = Release|ARM
		{5F5EC115-1B23-4D9D-BB68-BAF7465E18E1}.AppStore|iPhone.ActiveCfg = Release|Any CPU
		{5F5EC115-1B23-4D9D-BB68-BAF7465E18E1}.AppStore|iPhone.Build.0 = Release|Any CPU
		{5F5EC115-1B23-4D9D-BB68-BAF7465E18E1}.AppStore|iPhone.Deploy.0 = Release|Any CPU
		{5F5EC115-1B23-4D9D-BB68-BAF7465E18E1}.AppStore|iPhoneSimulator.ActiveCfg = Release|Any CPU
		{5F5EC115-1B23-4D9D-BB68-BAF7465E18E1}.AppStore|iPhoneSimulator.Build.0 = Release|Any CPU
		{5F5EC115-1B23-4D9D-BB68-BAF7465E18E1}.AppStore|iPhoneSimulator.Deploy.0 = Release|Any CPU
		{5F5EC115-1B23-4D9D-BB68-BAF7465E18E1}.AppStore|x64.ActiveCfg = Release|Any CPU
		{5F5EC115-1B23-4D9D-BB68-BAF7465E18E1}.AppStore|x64.Build.0 = Release|Any CPU
		{5F5EC115-1B23-4D9D-BB68-BAF7465E18E1}.AppStore|x64.Deploy.0 = Release|Any CPU
		{5F5EC115-1B23-4D9D-BB68-BAF7465E18E1}.AppStore|x86.ActiveCfg = Release|x86
		{5F5EC115-1B23-4D9D-BB68-BAF7465E18E1}.AppStore|x86.Build.0 = Release|x86
		{5F5EC115-1B23-4D9D-BB68-BAF7465E18E1}.AppStore|x86.Deploy.0 = Release|x86
		{5F5EC115-1B23-4D9D-BB68-BAF7465E18E1}.Debug|Any CPU.ActiveCfg = Debug|Any CPU
		{5F5EC115-1B23-4D9D-BB68-BAF7465E18E1}.Debug|Any CPU.Build.0 = Debug|Any CPU
		{5F5EC115-1B23-4D9D-BB68-BAF7465E18E1}.Debug|Any CPU.Deploy.0 = Debug|Any CPU
		{5F5EC115-1B23-4D9D-BB68-BAF7465E18E1}.Debug|ARM.ActiveCfg = Debug|ARM
		{5F5EC115-1B23-4D9D-BB68-BAF7465E18E1}.Debug|ARM.Build.0 = Debug|ARM
		{5F5EC115-1B23-4D9D-BB68-BAF7465E18E1}.Debug|ARM.Deploy.0 = Debug|ARM
		{5F5EC115-1B23-4D9D-BB68-BAF7465E18E1}.Debug|iPhone.ActiveCfg = Debug|Any CPU
		{5F5EC115-1B23-4D9D-BB68-BAF7465E18E1}.Debug|iPhone.Build.0 = Debug|Any CPU
		{5F5EC115-1B23-4D9D-BB68-BAF7465E18E1}.Debug|iPhone.Deploy.0 = Debug|Any CPU
		{5F5EC115-1B23-4D9D-BB68-BAF7465E18E1}.Debug|iPhoneSimulator.ActiveCfg = Debug|Any CPU
		{5F5EC115-1B23-4D9D-BB68-BAF7465E18E1}.Debug|iPhoneSimulator.Build.0 = Debug|Any CPU
		{5F5EC115-1B23-4D9D-BB68-BAF7465E18E1}.Debug|iPhoneSimulator.Deploy.0 = Debug|Any CPU
		{5F5EC115-1B23-4D9D-BB68-BAF7465E18E1}.Debug|x64.ActiveCfg = Debug|Any CPU
		{5F5EC115-1B23-4D9D-BB68-BAF7465E18E1}.Debug|x64.Build.0 = Debug|Any CPU
		{5F5EC115-1B23-4D9D-BB68-BAF7465E18E1}.Debug|x64.Deploy.0 = Debug|Any CPU
		{5F5EC115-1B23-4D9D-BB68-BAF7465E18E1}.Debug|x86.ActiveCfg = Debug|x86
		{5F5EC115-1B23-4D9D-BB68-BAF7465E18E1}.Debug|x86.Build.0 = Debug|x86
		{5F5EC115-1B23-4D9D-BB68-BAF7465E18E1}.Debug|x86.Deploy.0 = Debug|x86
		{5F5EC115-1B23-4D9D-BB68-BAF7465E18E1}.Release|Any CPU.ActiveCfg = Release|Any CPU
		{5F5EC115-1B23-4D9D-BB68-BAF7465E18E1}.Release|Any CPU.Build.0 = Release|Any CPU
		{5F5EC115-1B23-4D9D-BB68-BAF7465E18E1}.Release|Any CPU.Deploy.0 = Release|Any CPU
		{5F5EC115-1B23-4D9D-BB68-BAF7465E18E1}.Release|ARM.ActiveCfg = Release|ARM
		{5F5EC115-1B23-4D9D-BB68-BAF7465E18E1}.Release|ARM.Build.0 = Release|ARM
		{5F5EC115-1B23-4D9D-BB68-BAF7465E18E1}.Release|ARM.Deploy.0 = Release|ARM
		{5F5EC115-1B23-4D9D-BB68-BAF7465E18E1}.Release|iPhone.ActiveCfg = Release|Any CPU
		{5F5EC115-1B23-4D9D-BB68-BAF7465E18E1}.Release|iPhone.Build.0 = Release|Any CPU
		{5F5EC115-1B23-4D9D-BB68-BAF7465E18E1}.Release|iPhone.Deploy.0 = Release|Any CPU
		{5F5EC115-1B23-4D9D-BB68-BAF7465E18E1}.Release|iPhoneSimulator.ActiveCfg = Release|Any CPU
		{5F5EC115-1B23-4D9D-BB68-BAF7465E18E1}.Release|iPhoneSimulator.Build.0 = Release|Any CPU
		{5F5EC115-1B23-4D9D-BB68-BAF7465E18E1}.Release|iPhoneSimulator.Deploy.0 = Release|Any CPU
		{5F5EC115-1B23-4D9D-BB68-BAF7465E18E1}.Release|x64.ActiveCfg = Release|Any CPU
		{5F5EC115-1B23-4D9D-BB68-BAF7465E18E1}.Release|x64.Build.0 = Release|Any CPU
		{5F5EC115-1B23-4D9D-BB68-BAF7465E18E1}.Release|x64.Deploy.0 = Release|Any CPU
		{5F5EC115-1B23-4D9D-BB68-BAF7465E18E1}.Release|x86.ActiveCfg = Release|x86
		{5F5EC115-1B23-4D9D-BB68-BAF7465E18E1}.Release|x86.Build.0 = Release|x86
		{5F5EC115-1B23-4D9D-BB68-BAF7465E18E1}.Release|x86.Deploy.0 = Release|x86
		{2E5554EC-8897-4830-A01D-296008FE157B}.Ad-Hoc|Any CPU.ActiveCfg = Release|Any CPU
		{2E5554EC-8897-4830-A01D-296008FE157B}.Ad-Hoc|Any CPU.Build.0 = Release|Any CPU
		{2E5554EC-8897-4830-A01D-296008FE157B}.Ad-Hoc|Any CPU.Deploy.0 = Release|Any CPU
		{2E5554EC-8897-4830-A01D-296008FE157B}.Ad-Hoc|ARM.ActiveCfg = Release|ARM
		{2E5554EC-8897-4830-A01D-296008FE157B}.Ad-Hoc|ARM.Build.0 = Release|ARM
		{2E5554EC-8897-4830-A01D-296008FE157B}.Ad-Hoc|ARM.Deploy.0 = Release|ARM
		{2E5554EC-8897-4830-A01D-296008FE157B}.Ad-Hoc|iPhone.ActiveCfg = Release|Any CPU
		{2E5554EC-8897-4830-A01D-296008FE157B}.Ad-Hoc|iPhone.Build.0 = Release|Any CPU
		{2E5554EC-8897-4830-A01D-296008FE157B}.Ad-Hoc|iPhone.Deploy.0 = Release|Any CPU
		{2E5554EC-8897-4830-A01D-296008FE157B}.Ad-Hoc|iPhoneSimulator.ActiveCfg = Release|Any CPU
		{2E5554EC-8897-4830-A01D-296008FE157B}.Ad-Hoc|iPhoneSimulator.Build.0 = Release|Any CPU
		{2E5554EC-8897-4830-A01D-296008FE157B}.Ad-Hoc|iPhoneSimulator.Deploy.0 = Release|Any CPU
		{2E5554EC-8897-4830-A01D-296008FE157B}.Ad-Hoc|x64.ActiveCfg = Release|x64
		{2E5554EC-8897-4830-A01D-296008FE157B}.Ad-Hoc|x64.Build.0 = Release|x64
		{2E5554EC-8897-4830-A01D-296008FE157B}.Ad-Hoc|x64.Deploy.0 = Release|x64
		{2E5554EC-8897-4830-A01D-296008FE157B}.Ad-Hoc|x86.ActiveCfg = Release|x86
		{2E5554EC-8897-4830-A01D-296008FE157B}.Ad-Hoc|x86.Build.0 = Release|x86
		{2E5554EC-8897-4830-A01D-296008FE157B}.Ad-Hoc|x86.Deploy.0 = Release|x86
		{2E5554EC-8897-4830-A01D-296008FE157B}.AppStore|Any CPU.ActiveCfg = Release|Any CPU
		{2E5554EC-8897-4830-A01D-296008FE157B}.AppStore|Any CPU.Build.0 = Release|Any CPU
		{2E5554EC-8897-4830-A01D-296008FE157B}.AppStore|Any CPU.Deploy.0 = Release|Any CPU
		{2E5554EC-8897-4830-A01D-296008FE157B}.AppStore|ARM.ActiveCfg = Release|ARM
		{2E5554EC-8897-4830-A01D-296008FE157B}.AppStore|ARM.Build.0 = Release|ARM
		{2E5554EC-8897-4830-A01D-296008FE157B}.AppStore|ARM.Deploy.0 = Release|ARM
		{2E5554EC-8897-4830-A01D-296008FE157B}.AppStore|iPhone.ActiveCfg = Release|Any CPU
		{2E5554EC-8897-4830-A01D-296008FE157B}.AppStore|iPhone.Build.0 = Release|Any CPU
		{2E5554EC-8897-4830-A01D-296008FE157B}.AppStore|iPhone.Deploy.0 = Release|Any CPU
		{2E5554EC-8897-4830-A01D-296008FE157B}.AppStore|iPhoneSimulator.ActiveCfg = Release|Any CPU
		{2E5554EC-8897-4830-A01D-296008FE157B}.AppStore|iPhoneSimulator.Build.0 = Release|Any CPU
		{2E5554EC-8897-4830-A01D-296008FE157B}.AppStore|iPhoneSimulator.Deploy.0 = Release|Any CPU
		{2E5554EC-8897-4830-A01D-296008FE157B}.AppStore|x64.ActiveCfg = Release|x64
		{2E5554EC-8897-4830-A01D-296008FE157B}.AppStore|x64.Build.0 = Release|x64
		{2E5554EC-8897-4830-A01D-296008FE157B}.AppStore|x64.Deploy.0 = Release|x64
		{2E5554EC-8897-4830-A01D-296008FE157B}.AppStore|x86.ActiveCfg = Release|x86
		{2E5554EC-8897-4830-A01D-296008FE157B}.AppStore|x86.Build.0 = Release|x86
		{2E5554EC-8897-4830-A01D-296008FE157B}.AppStore|x86.Deploy.0 = Release|x86
		{2E5554EC-8897-4830-A01D-296008FE157B}.Debug|Any CPU.ActiveCfg = Debug|Any CPU
		{2E5554EC-8897-4830-A01D-296008FE157B}.Debug|Any CPU.Build.0 = Debug|Any CPU
		{2E5554EC-8897-4830-A01D-296008FE157B}.Debug|Any CPU.Deploy.0 = Debug|Any CPU
		{2E5554EC-8897-4830-A01D-296008FE157B}.Debug|ARM.ActiveCfg = Debug|ARM
		{2E5554EC-8897-4830-A01D-296008FE157B}.Debug|ARM.Build.0 = Debug|ARM
		{2E5554EC-8897-4830-A01D-296008FE157B}.Debug|ARM.Deploy.0 = Debug|ARM
		{2E5554EC-8897-4830-A01D-296008FE157B}.Debug|iPhone.ActiveCfg = Debug|Any CPU
		{2E5554EC-8897-4830-A01D-296008FE157B}.Debug|iPhone.Build.0 = Debug|Any CPU
		{2E5554EC-8897-4830-A01D-296008FE157B}.Debug|iPhone.Deploy.0 = Debug|Any CPU
		{2E5554EC-8897-4830-A01D-296008FE157B}.Debug|iPhoneSimulator.ActiveCfg = Debug|Any CPU
		{2E5554EC-8897-4830-A01D-296008FE157B}.Debug|iPhoneSimulator.Build.0 = Debug|Any CPU
		{2E5554EC-8897-4830-A01D-296008FE157B}.Debug|iPhoneSimulator.Deploy.0 = Debug|Any CPU
		{2E5554EC-8897-4830-A01D-296008FE157B}.Debug|x64.ActiveCfg = Debug|x64
		{2E5554EC-8897-4830-A01D-296008FE157B}.Debug|x64.Build.0 = Debug|x64
		{2E5554EC-8897-4830-A01D-296008FE157B}.Debug|x64.Deploy.0 = Debug|x64
		{2E5554EC-8897-4830-A01D-296008FE157B}.Debug|x86.ActiveCfg = Debug|x86
		{2E5554EC-8897-4830-A01D-296008FE157B}.Debug|x86.Build.0 = Debug|x86
		{2E5554EC-8897-4830-A01D-296008FE157B}.Debug|x86.Deploy.0 = Debug|x86
		{2E5554EC-8897-4830-A01D-296008FE157B}.Release|Any CPU.ActiveCfg = Release|Any CPU
		{2E5554EC-8897-4830-A01D-296008FE157B}.Release|Any CPU.Build.0 = Release|Any CPU
		{2E5554EC-8897-4830-A01D-296008FE157B}.Release|Any CPU.Deploy.0 = Release|Any CPU
		{2E5554EC-8897-4830-A01D-296008FE157B}.Release|ARM.ActiveCfg = Release|ARM
		{2E5554EC-8897-4830-A01D-296008FE157B}.Release|ARM.Build.0 = Release|ARM
		{2E5554EC-8897-4830-A01D-296008FE157B}.Release|ARM.Deploy.0 = Release|ARM
		{2E5554EC-8897-4830-A01D-296008FE157B}.Release|iPhone.ActiveCfg = Release|Any CPU
		{2E5554EC-8897-4830-A01D-296008FE157B}.Release|iPhone.Build.0 = Release|Any CPU
		{2E5554EC-8897-4830-A01D-296008FE157B}.Release|iPhone.Deploy.0 = Release|Any CPU
		{2E5554EC-8897-4830-A01D-296008FE157B}.Release|iPhoneSimulator.ActiveCfg = Release|Any CPU
		{2E5554EC-8897-4830-A01D-296008FE157B}.Release|iPhoneSimulator.Build.0 = Release|Any CPU
		{2E5554EC-8897-4830-A01D-296008FE157B}.Release|iPhoneSimulator.Deploy.0 = Release|Any CPU
		{2E5554EC-8897-4830-A01D-296008FE157B}.Release|x64.ActiveCfg = Release|x64
		{2E5554EC-8897-4830-A01D-296008FE157B}.Release|x64.Build.0 = Release|x64
		{2E5554EC-8897-4830-A01D-296008FE157B}.Release|x64.Deploy.0 = Release|x64
		{2E5554EC-8897-4830-A01D-296008FE157B}.Release|x86.ActiveCfg = Release|x86
		{2E5554EC-8897-4830-A01D-296008FE157B}.Release|x86.Build.0 = Release|x86
		{2E5554EC-8897-4830-A01D-296008FE157B}.Release|x86.Deploy.0 = Release|x86
	EndGlobalSection
	GlobalSection(SolutionProperties) = preSolution
		HideSolutionNode = FALSE
	EndGlobalSection
EndGlobal
